{
  "nodes": {
    "makes": {
      "inputs": {
        "nixpkgs": "nixpkgs"
      },
      "locked": {
        "lastModified": 1736790144,
        "narHash": "sha256-ksttFn2p/vZF/pfElyI/BrGhW5YiXUehW+FQljwjbz8=",
        "owner": "fluidattacks",
        "repo": "makes",
        "rev": "764adcb18bf08ceefdbfb6ccfb83adfc433e52af",
        "type": "github"
      },
      "original": {
        "owner": "fluidattacks",
        "repo": "makes",
        "type": "github"
      }
    },
    "nixpkgs": {
      "locked": {
        "lastModified": 1667092106,
        "narHash": "sha256-ZQwHNd/RemupaV52ePNNv4Kp+LHzPjssEAumLijum4E=",
        "owner": "nix-community",
        "repo": "nixpkgs.lib",
        "rev": "2c15a4c90737d33309daf869bae0daaa35eeb264",
        "type": "github"
      },
      "original": {
        "owner": "nix-community",
        "repo": "nixpkgs.lib",
        "type": "github"
      }
    },
    "nixpkgs_2": {
      "locked": {
        "lastModified": 1739206421,
        "narHash": "sha256-PwQASeL2cGVmrtQYlrBur0U20Xy07uSWVnFup2PHnDs=",
        "owner": "nixos",
        "repo": "nixpkgs",
        "rev": "44534bc021b85c8d78e465021e21f33b856e2540",
        "type": "github"
      },
      "original": {
        "owner": "nixos",
        "ref": "nixos-24.11",
        "repo": "nixpkgs",
        "type": "github"
      }
    },
    "root": {
      "inputs": {
        "makes": "makes",
        "nixpkgs": "nixpkgs_2"
      }
    }
  },
  "root": "root",
  "version": 7
}
